
Microsoft Visual Studio Solution File, Format Version 12.00
# Visual Studio Version 17
VisualStudioVersion = 17.6.33829.357
MinimumVisualStudioVersion = 10.0.40219.1
Project("{9A19103F-16F7-4668-BE54-9A1E7A4F7556}") = "WebApplication4", "WebApplication4\WebApplication4.csproj", "{4108A123-B23C-49EC-A80B-CC5ECFF1EE84}"
EndProject
Project("{9A19103F-16F7-4668-BE54-9A1E7A4F7556}") = "Services", "Services\Services.csproj", "{5DF8305F-82C0-495A-981C-766075464147}"
EndProject
Project("{9A19103F-16F7-4668-BE54-9A1E7A4F7556}") = "WebApi1", "WebApi1\WebApi1.csproj", "{70129928-89E5-4061-8E13-71515BE27164}"
EndProject
Global
	GlobalSection(SolutionConfigurationPlatforms) = preSolution
		Debug|Any CPU = Debug|Any CPU
		Release|Any CPU = Release|Any CPU
	EndGlobalSection
	GlobalSection(ProjectConfigurationPlatforms) = postSolution
		{4108A123-B23C-49EC-A80B-CC5ECFF1EE84}.Debug|Any CPU.ActiveCfg = Debug|Any CPU
		{4108A123-B23C-49EC-A80B-CC5ECFF1EE84}.Debug|Any CPU.Build.0 = Debug|Any CPU
		{4108A123-B23C-49EC-A80B-CC5ECFF1EE84}.Release|Any CPU.ActiveCfg = Release|Any CPU
		{4108A123-B23C-49EC-A80B-CC5ECFF1EE84}.Release|Any CPU.Build.0 = Release|Any CPU
		{5DF8305F-82C0-495A-981C-766075464147}.Debug|Any CPU.ActiveCfg = Debug|Any CPU
		{5DF8305F-82C0-495A-981C-766075464147}.Debug|Any CPU.Build.0 = Debug|Any CPU
		{5DF8305F-82C0-495A-981C-766075464147}.Release|Any CPU.ActiveCfg = Release|Any CPU
		{5DF8305F-82C0-495A-981C-766075464147}.Release|Any CPU.Build.0 = Release|Any CPU
		{70129928-89E5-4061-8E13-71515BE27164}.Debug|Any CPU.ActiveCfg = Debug|Any CPU
		{70129928-89E5-4061-8E13-71515BE27164}.Debug|Any CPU.Build.0 = Debug|Any CPU
		{70129928-89E5-4061-8E13-71515BE27164}.Release|Any CPU.ActiveCfg = Release|Any CPU
		{70129928-89E5-4061-8E13-71515BE27164}.Release|Any CPU.Build.0 = Release|Any CPU
	EndGlobalSection
	GlobalSection(SolutionProperties) = preSolution
		HideSolutionNode = FALSE
	EndGlobalSection
	GlobalSection(ExtensibilityGlobals) = postSolution
		SolutionGuid = {B4CA3714-BC6E-4823-A115-9DF1FF69DE33}
	EndGlobalSection
EndGlobal
