
Microsoft Visual Studio Solution File, Format Version 12.00
# Visual Studio Version 17
VisualStudioVersion = 17.5.33530.505
MinimumVisualStudioVersion = 10.0.40219.1
Project("{9A19103F-16F7-4668-BE54-9A1E7A4F7556}") = "WebApplication1", "WebApplication1\WebApplication1.csproj", "{CA512609-6BAC-47BC-9F86-DDEB190F1479}"
EndProject
Project("{FAE04EC0-301F-11D3-BF4B-00C04F79EFBC}") = "Services", "Services\Services.csproj", "{B4D2560B-C268-4627-97F1-58217BACA6BF}"
EndProject
Project("{FAE04EC0-301F-11D3-BF4B-00C04F79EFBC}") = "WebApi", "WebApi\WebApi.csproj", "{8C475904-CEF4-4F48-9ABE-931E599D3DA5}"
EndProject
Global
	GlobalSection(SolutionConfigurationPlatforms) = preSolution
		Debug|Any CPU = Debug|Any CPU
		Release|Any CPU = Release|Any CPU
	EndGlobalSection
	GlobalSection(ProjectConfigurationPlatforms) = postSolution
		{CA512609-6BAC-47BC-9F86-DDEB190F1479}.Debug|Any CPU.ActiveCfg = Debug|Any CPU
		{CA512609-6BAC-47BC-9F86-DDEB190F1479}.Debug|Any CPU.Build.0 = Debug|Any CPU
		{CA512609-6BAC-47BC-9F86-DDEB190F1479}.Release|Any CPU.ActiveCfg = Release|Any CPU
		{CA512609-6BAC-47BC-9F86-DDEB190F1479}.Release|Any CPU.Build.0 = Release|Any CPU
		{B4D2560B-C268-4627-97F1-58217BACA6BF}.Debug|Any CPU.ActiveCfg = Debug|Any CPU
		{B4D2560B-C268-4627-97F1-58217BACA6BF}.Debug|Any CPU.Build.0 = Debug|Any CPU
		{B4D2560B-C268-4627-97F1-58217BACA6BF}.Release|Any CPU.ActiveCfg = Release|Any CPU
		{B4D2560B-C268-4627-97F1-58217BACA6BF}.Release|Any CPU.Build.0 = Release|Any CPU
		{8C475904-CEF4-4F48-9ABE-931E599D3DA5}.Debug|Any CPU.ActiveCfg = Debug|Any CPU
		{8C475904-CEF4-4F48-9ABE-931E599D3DA5}.Debug|Any CPU.Build.0 = Debug|Any CPU
		{8C475904-CEF4-4F48-9ABE-931E599D3DA5}.Release|Any CPU.ActiveCfg = Release|Any CPU
		{8C475904-CEF4-4F48-9ABE-931E599D3DA5}.Release|Any CPU.Build.0 = Release|Any CPU
	EndGlobalSection
	GlobalSection(SolutionProperties) = preSolution
		HideSolutionNode = FALSE
	EndGlobalSection
	GlobalSection(ExtensibilityGlobals) = postSolution
		SolutionGuid = {F5CCBD63-E080-430F-9EBF-2680974DBE0D}
	EndGlobalSection
EndGlobal
